
Microsoft Visual Studio Solution File, Format Version 12.00
# Visual Studio Version 17
VisualStudioVersion = 17.4.33110.190
MinimumVisualStudioVersion = 10.0.40219.1
Project("{9A19103F-16F7-4668-BE54-9A1E7A4F7556}") = "ProductsApp", "ProductsApp\ProductsApp.csproj", "{5BFD6C00-1541-42F2-B401-3DE323B4DC4B}"
EndProject
Project("{FAE04EC0-301F-11D3-BF4B-00C04F79EFBC}") = "TestProductsApp", "TestProductsApp\TestProductsApp.csproj", "{0B61ECA9-9B27-48BC-B66E-62CB2914DAA9}"
EndProject
Global
	GlobalSection(SolutionConfigurationPlatforms) = preSolution
		Debug|Any CPU = Debug|Any CPU
		Release|Any CPU = Release|Any CPU
	EndGlobalSection
	GlobalSection(ProjectConfigurationPlatforms) = postSolution
		{5BFD6C00-1541-42F2-B401-3DE323B4DC4B}.Debug|Any CPU.ActiveCfg = Debug|Any CPU
		{5BFD6C00-1541-42F2-B401-3DE323B4DC4B}.Debug|Any CPU.Build.0 = Debug|Any CPU
		{5BFD6C00-1541-42F2-B401-3DE323B4DC4B}.Release|Any CPU.ActiveCfg = Release|Any CPU
		{5BFD6C00-1541-42F2-B401-3DE323B4DC4B}.Release|Any CPU.Build.0 = Release|Any CPU
		{0B61ECA9-9B27-48BC-B66E-62CB2914DAA9}.Debug|Any CPU.ActiveCfg = Debug|Any CPU
		{0B61ECA9-9B27-48BC-B66E-62CB2914DAA9}.Debug|Any CPU.Build.0 = Debug|Any CPU
		{0B61ECA9-9B27-48BC-B66E-62CB2914DAA9}.Release|Any CPU.ActiveCfg = Release|Any CPU
		{0B61ECA9-9B27-48BC-B66E-62CB2914DAA9}.Release|Any CPU.Build.0 = Release|Any CPU
	EndGlobalSection
	GlobalSection(SolutionProperties) = preSolution
		HideSolutionNode = FALSE
	EndGlobalSection
	GlobalSection(ExtensibilityGlobals) = postSolution
		SolutionGuid = {96542A8C-B3EC-4A48-9AFC-55D2BFBAA963}
	EndGlobalSection
EndGlobal
